{"is_source_file": false, "format": "", "description": "", "external_files": [], "external_methods": [], "published": [], "classes": [], "methods": [], "calls": [], "search-terms": [], "state": 2, "file_id": 16, "knowledge_revision": 33, "git_revision": "dae1df0f1c2909a8bdf28f59cd2b6eaff16c9600", "hash": "e9b4c3b42cef0193b7fddb548d37e652", "format-version": 4, "code-base-name": "default", "filename": "portfolio_slideshow_frontend_workspace/portfolio_slideshow_frontend/post_process_status.lock", "revision_history": [{"33": "dae1df0f1c2909a8bdf28f59cd2b6eaff16c9600"}]}